{
  "originHash" : "d4fa5cd143ad2bc7bb23a52656fbd9d61f7b5f28c64a58ca7302a966ee5377df",
  "pins" : [
    {
      "identity" : "powerauth-mobile-sdk-spm",
      "kind" : "remoteSourceControl",
      "location" : "https://github.com/wultra/powerauth-mobile-sdk-spm.git",
      "state" : {
        "revision" : "d932ab5bdcca3a981080ff4244fdbf9e1bb01104",
        "version" : "1.9.4"
      }
    },
    {
      "identity" : "wultra-infrastructure",
      "kind" : "remoteSourceControl",
      "location" : "https://github.com/wultra/wultra-infrastructure.git",
      "state" : {
        "branch" : "mobile",
        "revision" : "7067185a559a786e6b645b0f4eb62a38e67a1d9f"
      }
    }
  ],
  "version" : 3
}
