// !$*UTF8*$!
{
	archiveVersion = 1;
	classes = {
	};
	objectVersion = 52;
	objects = {

/* Begin PBXBuildFile section */
		DC53E61926DFD8520076AAFF /* WultraPowerAuthNetworking.h in Headers */ = {isa = PBXBuildFile; fileRef = DC53E61726DFD8520076AAFF /* WultraPowerAuthNetworking.h */; settings = {ATTRIBUTES = (Public, ); }; };
		DC53E62426DFD8A50076AAFF /* WPNHttpClient.swift in Sources */ = {isa = PBXBuildFile; fileRef = DC53E61F26DFD8A50076AAFF /* WPNHttpClient.swift */; };
		DC53E62526DFD8A50076AAFF /* WPNHttpRequest.swift in Sources */ = {isa = PBXBuildFile; fileRef = DC53E62026DFD8A50076AAFF /* WPNHttpRequest.swift */; };
		DC53E62626DFD8A50076AAFF /* WPNBaseNetworkingObjects.swift in Sources */ = {isa = PBXBuildFile; fileRef = DC53E62126DFD8A50076AAFF /* WPNBaseNetworkingObjects.swift */; };
		DC53E62726DFD8A50076AAFF /* WPNNetworkingService.swift in Sources */ = {isa = PBXBuildFile; fileRef = DC53E62226DFD8A50076AAFF /* WPNNetworkingService.swift */; };
		DC53E62826DFD8A50076AAFF /* WPNSSLValidationStrategy.swift in Sources */ = {isa = PBXBuildFile; fileRef = DC53E62326DFD8A50076AAFF /* WPNSSLValidationStrategy.swift */; };
		DC53E62A26DFDA5E0076AAFF /* WPNAsyncOperation.swift in Sources */ = {isa = PBXBuildFile; fileRef = DC53E62926DFDA5E0076AAFF /* WPNAsyncOperation.swift */; };
		DC53E62C26DFDA980076AAFF /* WPNConfig.swift in Sources */ = {isa = PBXBuildFile; fileRef = DC53E62B26DFDA980076AAFF /* WPNConfig.swift */; };
		DC53E63026DFDFFE0076AAFF /* PowerAuth2.xcframework in Frameworks */ = {isa = PBXBuildFile; fileRef = DC53E62E26DFDFFE0076AAFF /* PowerAuth2.xcframework */; };
		DC53E63226DFDFFE0076AAFF /* PowerAuthCore.xcframework in Frameworks */ = {isa = PBXBuildFile; fileRef = DC53E62F26DFDFFE0076AAFF /* PowerAuthCore.xcframework */; };
		DC53E63626DFE0350076AAFF /* WPNError.swift in Sources */ = {isa = PBXBuildFile; fileRef = DC53E63526DFE0350076AAFF /* WPNError.swift */; };
		DC53E63826DFE05D0076AAFF /* WPNLogger.swift in Sources */ = {isa = PBXBuildFile; fileRef = DC53E63726DFE05D0076AAFF /* WPNLogger.swift */; };
		DCA1529F26E232D3003AB99E /* WPNEndpoint.swift in Sources */ = {isa = PBXBuildFile; fileRef = DCA1529E26E232D3003AB99E /* WPNEndpoint.swift */; };
/* End PBXBuildFile section */

/* Begin PBXFileReference section */
		DC53E61426DFD8520076AAFF /* WultraPowerAuthNetworking.framework */ = {isa = PBXFileReference; explicitFileType = wrapper.framework; includeInIndex = 0; path = WultraPowerAuthNetworking.framework; sourceTree = BUILT_PRODUCTS_DIR; };
		DC53E61726DFD8520076AAFF /* WultraPowerAuthNetworking.h */ = {isa = PBXFileReference; lastKnownFileType = sourcecode.c.h; path = WultraPowerAuthNetworking.h; sourceTree = "<group>"; };
		DC53E61826DFD8520076AAFF /* Info.plist */ = {isa = PBXFileReference; lastKnownFileType = text.plist.xml; path = Info.plist; sourceTree = "<group>"; };
		DC53E61F26DFD8A50076AAFF /* WPNHttpClient.swift */ = {isa = PBXFileReference; fileEncoding = 4; lastKnownFileType = sourcecode.swift; path = WPNHttpClient.swift; sourceTree = "<group>"; };
		DC53E62026DFD8A50076AAFF /* WPNHttpRequest.swift */ = {isa = PBXFileReference; fileEncoding = 4; lastKnownFileType = sourcecode.swift; path = WPNHttpRequest.swift; sourceTree = "<group>"; };
		DC53E62126DFD8A50076AAFF /* WPNBaseNetworkingObjects.swift */ = {isa = PBXFileReference; fileEncoding = 4; lastKnownFileType = sourcecode.swift; path = WPNBaseNetworkingObjects.swift; sourceTree = "<group>"; };
		DC53E62226DFD8A50076AAFF /* WPNNetworkingService.swift */ = {isa = PBXFileReference; fileEncoding = 4; lastKnownFileType = sourcecode.swift; path = WPNNetworkingService.swift; sourceTree = "<group>"; };
		DC53E62326DFD8A50076AAFF /* WPNSSLValidationStrategy.swift */ = {isa = PBXFileReference; fileEncoding = 4; lastKnownFileType = sourcecode.swift; path = WPNSSLValidationStrategy.swift; sourceTree = "<group>"; };
		DC53E62926DFDA5E0076AAFF /* WPNAsyncOperation.swift */ = {isa = PBXFileReference; fileEncoding = 4; lastKnownFileType = sourcecode.swift; path = WPNAsyncOperation.swift; sourceTree = "<group>"; };
		DC53E62B26DFDA980076AAFF /* WPNConfig.swift */ = {isa = PBXFileReference; lastKnownFileType = sourcecode.swift; path = WPNConfig.swift; sourceTree = "<group>"; };
		DC53E62E26DFDFFE0076AAFF /* PowerAuth2.xcframework */ = {isa = PBXFileReference; lastKnownFileType = wrapper.xcframework; name = PowerAuth2.xcframework; path = Carthage/Build/PowerAuth2.xcframework; sourceTree = "<group>"; };
		DC53E62F26DFDFFE0076AAFF /* PowerAuthCore.xcframework */ = {isa = PBXFileReference; lastKnownFileType = wrapper.xcframework; name = PowerAuthCore.xcframework; path = Carthage/Build/PowerAuthCore.xcframework; sourceTree = "<group>"; };
		DC53E63526DFE0350076AAFF /* WPNError.swift */ = {isa = PBXFileReference; fileEncoding = 4; lastKnownFileType = sourcecode.swift; path = WPNError.swift; sourceTree = "<group>"; };
		DC53E63726DFE05D0076AAFF /* WPNLogger.swift */ = {isa = PBXFileReference; fileEncoding = 4; lastKnownFileType = sourcecode.swift; path = WPNLogger.swift; sourceTree = "<group>"; };
		DCA1529E26E232D3003AB99E /* WPNEndpoint.swift */ = {isa = PBXFileReference; lastKnownFileType = sourcecode.swift; path = WPNEndpoint.swift; sourceTree = "<group>"; };
/* End PBXFileReference section */

/* Begin PBXFrameworksBuildPhase section */
		DC53E61126DFD8520076AAFF /* Frameworks */ = {
			isa = PBXFrameworksBuildPhase;
			buildActionMask = 2147483647;
			files = (
				DC53E63226DFDFFE0076AAFF /* PowerAuthCore.xcframework in Frameworks */,
				DC53E63026DFDFFE0076AAFF /* PowerAuth2.xcframework in Frameworks */,
			);
			runOnlyForDeploymentPostprocessing = 0;
		};
/* End PBXFrameworksBuildPhase section */

/* Begin PBXGroup section */
		DC53E60A26DFD8520076AAFF = {
			isa = PBXGroup;
			children = (
				DC53E61626DFD8520076AAFF /* WultraPowerAuthNetworking */,
				DC53E61526DFD8520076AAFF /* Products */,
				DC53E62D26DFDFFE0076AAFF /* Frameworks */,
			);
			sourceTree = "<group>";
		};
		DC53E61526DFD8520076AAFF /* Products */ = {
			isa = PBXGroup;
			children = (
				DC53E61426DFD8520076AAFF /* WultraPowerAuthNetworking.framework */,
			);
			name = Products;
			sourceTree = "<group>";
		};
		DC53E61626DFD8520076AAFF /* WultraPowerAuthNetworking */ = {
			isa = PBXGroup;
			children = (
				DC93FB8726E6086400BFB5DC /* Public */,
				DC93FB8926E6087000BFB5DC /* Private */,
				DC53E61726DFD8520076AAFF /* WultraPowerAuthNetworking.h */,
				DC53E61826DFD8520076AAFF /* Info.plist */,
			);
			path = WultraPowerAuthNetworking;
			sourceTree = "<group>";
		};
		DC53E62D26DFDFFE0076AAFF /* Frameworks */ = {
			isa = PBXGroup;
			children = (
				DC53E62E26DFDFFE0076AAFF /* PowerAuth2.xcframework */,
				DC53E62F26DFDFFE0076AAFF /* PowerAuthCore.xcframework */,
			);
			name = Frameworks;
			sourceTree = "<group>";
		};
		DC93FB8726E6086400BFB5DC /* Public */ = {
			isa = PBXGroup;
			children = (
				DC53E62226DFD8A50076AAFF /* WPNNetworkingService.swift */,
				DC53E62B26DFDA980076AAFF /* WPNConfig.swift */,
				DC53E62326DFD8A50076AAFF /* WPNSSLValidationStrategy.swift */,
				DCA1529E26E232D3003AB99E /* WPNEndpoint.swift */,
				DC53E62126DFD8A50076AAFF /* WPNBaseNetworkingObjects.swift */,
				DC53E62926DFDA5E0076AAFF /* WPNAsyncOperation.swift */,
				DC53E63526DFE0350076AAFF /* WPNError.swift */,
				DC53E63726DFE05D0076AAFF /* WPNLogger.swift */,
			);
			name = Public;
			sourceTree = "<group>";
		};
		DC93FB8926E6087000BFB5DC /* Private */ = {
			isa = PBXGroup;
			children = (
				DC53E61F26DFD8A50076AAFF /* WPNHttpClient.swift */,
				DC53E62026DFD8A50076AAFF /* WPNHttpRequest.swift */,
			);
			name = Private;
			sourceTree = "<group>";
		};
/* End PBXGroup section */

/* Begin PBXHeadersBuildPhase section */
		DC53E60F26DFD8520076AAFF /* Headers */ = {
			isa = PBXHeadersBuildPhase;
			buildActionMask = 2147483647;
			files = (
				DC53E61926DFD8520076AAFF /* WultraPowerAuthNetworking.h in Headers */,
			);
			runOnlyForDeploymentPostprocessing = 0;
		};
/* End PBXHeadersBuildPhase section */

/* Begin PBXNativeTarget section */
		DC53E61326DFD8520076AAFF /* WultraPowerAuthNetworking */ = {
			isa = PBXNativeTarget;
			buildConfigurationList = DC53E61C26DFD8520076AAFF /* Build configuration list for PBXNativeTarget "WultraPowerAuthNetworking" */;
			buildPhases = (
				DC53E60F26DFD8520076AAFF /* Headers */,
				DC53E61026DFD8520076AAFF /* Sources */,
				DC53E61126DFD8520076AAFF /* Frameworks */,
				DC53E61226DFD8520076AAFF /* Resources */,
				DC93FB8B26E61CE500BFB5DC /* Swift Lint */,
			);
			buildRules = (
			);
			dependencies = (
			);
			name = WultraPowerAuthNetworking;
			productName = WultraPowerAuthNetworking;
			productReference = DC53E61426DFD8520076AAFF /* WultraPowerAuthNetworking.framework */;
			productType = "com.apple.product-type.framework";
		};
/* End PBXNativeTarget section */

/* Begin PBXProject section */
		DC53E60B26DFD8520076AAFF /* Project object */ = {
			isa = PBXProject;
			attributes = {
				LastUpgradeCheck = 1300;
				TargetAttributes = {
					DC53E61326DFD8520076AAFF = {
						CreatedOnToolsVersion = 12.5;
						LastSwiftMigration = 1250;
					};
				};
			};
			buildConfigurationList = DC53E60E26DFD8520076AAFF /* Build configuration list for PBXProject "WultraPowerAuthNetworking" */;
			compatibilityVersion = "Xcode 9.3";
			developmentRegion = en;
			hasScannedForEncodings = 0;
			knownRegions = (
				en,
				Base,
			);
			mainGroup = DC53E60A26DFD8520076AAFF;
			productRefGroup = DC53E61526DFD8520076AAFF /* Products */;
			projectDirPath = "";
			projectRoot = "";
			targets = (
				DC53E61326DFD8520076AAFF /* WultraPowerAuthNetworking */,
			);
		};
/* End PBXProject section */

/* Begin PBXResourcesBuildPhase section */
		DC53E61226DFD8520076AAFF /* Resources */ = {
			isa = PBXResourcesBuildPhase;
			buildActionMask = 2147483647;
			files = (
			);
			runOnlyForDeploymentPostprocessing = 0;
		};
/* End PBXResourcesBuildPhase section */

/* Begin PBXShellScriptBuildPhase section */
		DC93FB8B26E61CE500BFB5DC /* Swift Lint */ = {
			isa = PBXShellScriptBuildPhase;
			buildActionMask = 2147483647;
			files = (
			);
			inputFileListPaths = (
			);
			inputPaths = (
			);
			name = "Swift Lint";
			outputFileListPaths = (
			);
			outputPaths = (
			);
			runOnlyForDeploymentPostprocessing = 0;
			shellPath = /bin/sh;
			shellScript = "if ! [ -x \"$(command -v swiftlint)\" ]; then\n  echo 'warning: swiftlint is not installed on this computer.' >&2\n  exit 0\nfi\n\nswiftlint\n";
		};
/* End PBXShellScriptBuildPhase section */

/* Begin PBXSourcesBuildPhase section */
		DC53E61026DFD8520076AAFF /* Sources */ = {
			isa = PBXSourcesBuildPhase;
			buildActionMask = 2147483647;
			files = (
				DC53E63626DFE0350076AAFF /* WPNError.swift in Sources */,
				DC53E62626DFD8A50076AAFF /* WPNBaseNetworkingObjects.swift in Sources */,
				DC53E62426DFD8A50076AAFF /* WPNHttpClient.swift in Sources */,
				DC53E62826DFD8A50076AAFF /* WPNSSLValidationStrategy.swift in Sources */,
				DC53E62C26DFDA980076AAFF /* WPNConfig.swift in Sources */,
				DC53E63826DFE05D0076AAFF /* WPNLogger.swift in Sources */,
				DC53E62A26DFDA5E0076AAFF /* WPNAsyncOperation.swift in Sources */,
				DC53E62526DFD8A50076AAFF /* WPNHttpRequest.swift in Sources */,
				DCA1529F26E232D3003AB99E /* WPNEndpoint.swift in Sources */,
				DC53E62726DFD8A50076AAFF /* WPNNetworkingService.swift in Sources */,
			);
			runOnlyForDeploymentPostprocessing = 0;
		};
/* End PBXSourcesBuildPhase section */

/* Begin XCBuildConfiguration section */
		DC53E61A26DFD8520076AAFF /* Debug */ = {
			isa = XCBuildConfiguration;
			buildSettings = {
				ALWAYS_SEARCH_USER_PATHS = NO;
				CLANG_ANALYZER_NONNULL = YES;
				CLANG_ANALYZER_NUMBER_OBJECT_CONVERSION = YES_AGGRESSIVE;
				CLANG_CXX_LANGUAGE_STANDARD = "gnu++14";
				CLANG_CXX_LIBRARY = "libc++";
				CLANG_ENABLE_MODULES = YES;
				CLANG_ENABLE_OBJC_ARC = YES;
				CLANG_ENABLE_OBJC_WEAK = YES;
				CLANG_WARN_BLOCK_CAPTURE_AUTORELEASING = YES;
				CLANG_WARN_BOOL_CONVERSION = YES;
				CLANG_WARN_COMMA = YES;
				CLANG_WARN_CONSTANT_CONVERSION = YES;
				CLANG_WARN_DEPRECATED_OBJC_IMPLEMENTATIONS = YES;
				CLANG_WARN_DIRECT_OBJC_ISA_USAGE = YES_ERROR;
				CLANG_WARN_DOCUMENTATION_COMMENTS = YES;
				CLANG_WARN_EMPTY_BODY = YES;
				CLANG_WARN_ENUM_CONVERSION = YES;
				CLANG_WARN_INFINITE_RECURSION = YES;
				CLANG_WARN_INT_CONVERSION = YES;
				CLANG_WARN_NON_LITERAL_NULL_CONVERSION = YES;
				CLANG_WARN_OBJC_IMPLICIT_RETAIN_SELF = YES;
				CLANG_WARN_OBJC_LITERAL_CONVERSION = YES;
				CLANG_WARN_OBJC_ROOT_CLASS = YES_ERROR;
				CLANG_WARN_QUOTED_INCLUDE_IN_FRAMEWORK_HEADER = YES;
				CLANG_WARN_RANGE_LOOP_ANALYSIS = YES;
				CLANG_WARN_STRICT_PROTOTYPES = YES;
				CLANG_WARN_SUSPICIOUS_MOVE = YES;
				CLANG_WARN_UNGUARDED_AVAILABILITY = YES_AGGRESSIVE;
				CLANG_WARN_UNREACHABLE_CODE = YES;
				CLANG_WARN__DUPLICATE_METHOD_MATCH = YES;
				COPY_PHASE_STRIP = NO;
				CURRENT_PROJECT_VERSION = 1;
				DEBUG_INFORMATION_FORMAT = dwarf;
				ENABLE_STRICT_OBJC_MSGSEND = YES;
				ENABLE_TESTABILITY = YES;
				FRAMEWORK_SEARCH_PATHS = "";
				GCC_C_LANGUAGE_STANDARD = gnu11;
				GCC_DYNAMIC_NO_PIC = NO;
				GCC_NO_COMMON_BLOCKS = YES;
				GCC_OPTIMIZATION_LEVEL = 0;
				GCC_PREPROCESSOR_DEFINITIONS = (
					"DEBUG=1",
					"$(inherited)",
				);
				GCC_WARN_64_TO_32_BIT_CONVERSION = YES;
				GCC_WARN_ABOUT_RETURN_TYPE = YES_ERROR;
				GCC_WARN_UNDECLARED_SELECTOR = YES;
				GCC_WARN_UNINITIALIZED_AUTOS = YES_AGGRESSIVE;
				GCC_WARN_UNUSED_FUNCTION = YES;
				GCC_WARN_UNUSED_VARIABLE = YES;
				IPHONEOS_DEPLOYMENT_TARGET = 10.0;
				MTL_ENABLE_DEBUG_INFO = INCLUDE_SOURCE;
				MTL_FAST_MATH = YES;
				ONLY_ACTIVE_ARCH = YES;
				SDKROOT = iphoneos;
				SWIFT_ACTIVE_COMPILATION_CONDITIONS = DEBUG;
				SWIFT_OPTIMIZATION_LEVEL = "-Onone";
				VERSIONING_SYSTEM = "apple-generic";
				VERSION_INFO_PREFIX = "";
			};
			name = Debug;
		};
		DC53E61B26DFD8520076AAFF /* Release */ = {
			isa = XCBuildConfiguration;
			buildSettings = {
				ALWAYS_SEARCH_USER_PATHS = NO;
				CLANG_ANALYZER_NONNULL = YES;
				CLANG_ANALYZER_NUMBER_OBJECT_CONVERSION = YES_AGGRESSIVE;
				CLANG_CXX_LANGUAGE_STANDARD = "gnu++14";
				CLANG_CXX_LIBRARY = "libc++";
				CLANG_ENABLE_MODULES = YES;
				CLANG_ENABLE_OBJC_ARC = YES;
				CLANG_ENABLE_OBJC_WEAK = YES;
				CLANG_WARN_BLOCK_CAPTURE_AUTORELEASING = YES;
				CLANG_WARN_BOOL_CONVERSION = YES;
				CLANG_WARN_COMMA = YES;
				CLANG_WARN_CONSTANT_CONVERSION = YES;
				CLANG_WARN_DEPRECATED_OBJC_IMPLEMENTATIONS = YES;
				CLANG_WARN_DIRECT_OBJC_ISA_USAGE = YES_ERROR;
				CLANG_WARN_DOCUMENTATION_COMMENTS = YES;
				CLANG_WARN_EMPTY_BODY = YES;
				CLANG_WARN_ENUM_CONVERSION = YES;
				CLANG_WARN_INFINITE_RECURSION = YES;
				CLANG_WARN_INT_CONVERSION = YES;
				CLANG_WARN_NON_LITERAL_NULL_CONVERSION = YES;
				CLANG_WARN_OBJC_IMPLICIT_RETAIN_SELF = YES;
				CLANG_WARN_OBJC_LITERAL_CONVERSION = YES;
				CLANG_WARN_OBJC_ROOT_CLASS = YES_ERROR;
				CLANG_WARN_QUOTED_INCLUDE_IN_FRAMEWORK_HEADER = YES;
				CLANG_WARN_RANGE_LOOP_ANALYSIS = YES;
				CLANG_WARN_STRICT_PROTOTYPES = YES;
				CLANG_WARN_SUSPICIOUS_MOVE = YES;
				CLANG_WARN_UNGUARDED_AVAILABILITY = YES_AGGRESSIVE;
				CLANG_WARN_UNREACHABLE_CODE = YES;
				CLANG_WARN__DUPLICATE_METHOD_MATCH = YES;
				COPY_PHASE_STRIP = NO;
				CURRENT_PROJECT_VERSION = 1;
				DEBUG_INFORMATION_FORMAT = "dwarf-with-dsym";
				ENABLE_NS_ASSERTIONS = NO;
				ENABLE_STRICT_OBJC_MSGSEND = YES;
				FRAMEWORK_SEARCH_PATHS = "";
				GCC_C_LANGUAGE_STANDARD = gnu11;
				GCC_NO_COMMON_BLOCKS = YES;
				GCC_WARN_64_TO_32_BIT_CONVERSION = YES;
				GCC_WARN_ABOUT_RETURN_TYPE = YES_ERROR;
				GCC_WARN_UNDECLARED_SELECTOR = YES;
				GCC_WARN_UNINITIALIZED_AUTOS = YES_AGGRESSIVE;
				GCC_WARN_UNUSED_FUNCTION = YES;
				GCC_WARN_UNUSED_VARIABLE = YES;
				IPHONEOS_DEPLOYMENT_TARGET = 10.0;
				MTL_ENABLE_DEBUG_INFO = NO;
				MTL_FAST_MATH = YES;
				SDKROOT = iphoneos;
				SWIFT_COMPILATION_MODE = wholemodule;
				SWIFT_OPTIMIZATION_LEVEL = "-O";
				VALIDATE_PRODUCT = YES;
				VERSIONING_SYSTEM = "apple-generic";
				VERSION_INFO_PREFIX = "";
			};
			name = Release;
		};
		DC53E61D26DFD8520076AAFF /* Debug */ = {
			isa = XCBuildConfiguration;
			buildSettings = {
				CLANG_ENABLE_MODULES = YES;
				CODE_SIGN_STYLE = Automatic;
				DEFINES_MODULE = YES;
				DEVELOPMENT_TEAM = KTT9G859MR;
				DYLIB_COMPATIBILITY_VERSION = 1;
				DYLIB_CURRENT_VERSION = 1;
				DYLIB_INSTALL_NAME_BASE = "@rpath";
				INFOPLIST_FILE = WultraPowerAuthNetworking/Info.plist;
				INSTALL_PATH = "$(LOCAL_LIBRARY_DIR)/Frameworks";
				LD_RUNPATH_SEARCH_PATHS = (
					"$(inherited)",
					"@executable_path/Frameworks",
					"@loader_path/Frameworks",
				);
				PRODUCT_BUNDLE_IDENTIFIER = com.wultra.WultraPowerAuthNetworking;
				PRODUCT_NAME = "$(TARGET_NAME:c99extidentifier)";
				SKIP_INSTALL = YES;
				SUPPORTS_MACCATALYST = NO;
				SWIFT_OPTIMIZATION_LEVEL = "-Onone";
				SWIFT_VERSION = 5.0;
				TARGETED_DEVICE_FAMILY = "1,2";
			};
			name = Debug;
		};
		DC53E61E26DFD8520076AAFF /* Release */ = {
			isa = XCBuildConfiguration;
			buildSettings = {
				CLANG_ENABLE_MODULES = YES;
				CODE_SIGN_STYLE = Automatic;
				DEFINES_MODULE = YES;
				DEVELOPMENT_TEAM = KTT9G859MR;
				DYLIB_COMPATIBILITY_VERSION = 1;
				DYLIB_CURRENT_VERSION = 1;
				DYLIB_INSTALL_NAME_BASE = "@rpath";
				INFOPLIST_FILE = WultraPowerAuthNetworking/Info.plist;
				INSTALL_PATH = "$(LOCAL_LIBRARY_DIR)/Frameworks";
				LD_RUNPATH_SEARCH_PATHS = (
					"$(inherited)",
					"@executable_path/Frameworks",
					"@loader_path/Frameworks",
				);
				PRODUCT_BUNDLE_IDENTIFIER = com.wultra.WultraPowerAuthNetworking;
				PRODUCT_NAME = "$(TARGET_NAME:c99extidentifier)";
				SKIP_INSTALL = YES;
				SUPPORTS_MACCATALYST = NO;
				SWIFT_VERSION = 5.0;
				TARGETED_DEVICE_FAMILY = "1,2";
			};
			name = Release;
		};
/* End XCBuildConfiguration section */

/* Begin XCConfigurationList section */
		DC53E60E26DFD8520076AAFF /* Build configuration list for PBXProject "WultraPowerAuthNetworking" */ = {
			isa = XCConfigurationList;
			buildConfigurations = (
				DC53E61A26DFD8520076AAFF /* Debug */,
				DC53E61B26DFD8520076AAFF /* Release */,
			);
			defaultConfigurationIsVisible = 0;
			defaultConfigurationName = Release;
		};
		DC53E61C26DFD8520076AAFF /* Build configuration list for PBXNativeTarget "WultraPowerAuthNetworking" */ = {
			isa = XCConfigurationList;
			buildConfigurations = (
				DC53E61D26DFD8520076AAFF /* Debug */,
				DC53E61E26DFD8520076AAFF /* Release */,
			);
			defaultConfigurationIsVisible = 0;
			defaultConfigurationName = Release;
		};
/* End XCConfigurationList section */
	};
	rootObject = DC53E60B26DFD8520076AAFF /* Project object */;
}
