// !$*UTF8*$!
{
	archiveVersion = 1;
	classes = {
	};
	objectVersion = 52;
	objects = {

/* Begin PBXBuildFile section */
		BFCF34E2272AE17F00AACA07 /* PowerAuth2 in Frameworks */ = {isa = PBXBuildFile; productRef = BFCF34E1272AE17F00AACA07 /* PowerAuth2 */; };
		BFCF34E4272AE17F00AACA07 /* PowerAuthCore in Frameworks */ = {isa = PBXBuildFile; productRef = BFCF34E3272AE17F00AACA07 /* PowerAuthCore */; };
		OBJ_37 /* WPNAsyncOperation.swift in Sources */ = {isa = PBXBuildFile; fileRef = OBJ_10 /* WPNAsyncOperation.swift */; };
		OBJ_38 /* WPNBaseNetworkingObjects.swift in Sources */ = {isa = PBXBuildFile; fileRef = OBJ_11 /* WPNBaseNetworkingObjects.swift */; };
		OBJ_39 /* WPNConfig.swift in Sources */ = {isa = PBXBuildFile; fileRef = OBJ_12 /* WPNConfig.swift */; };
		OBJ_40 /* WPNEndpoint.swift in Sources */ = {isa = PBXBuildFile; fileRef = OBJ_13 /* WPNEndpoint.swift */; };
		OBJ_41 /* WPNError.swift in Sources */ = {isa = PBXBuildFile; fileRef = OBJ_14 /* WPNError.swift */; };
		OBJ_42 /* WPNHttpClient.swift in Sources */ = {isa = PBXBuildFile; fileRef = OBJ_15 /* WPNHttpClient.swift */; };
		OBJ_43 /* WPNHttpRequest.swift in Sources */ = {isa = PBXBuildFile; fileRef = OBJ_16 /* WPNHttpRequest.swift */; };
		OBJ_44 /* WPNLogger.swift in Sources */ = {isa = PBXBuildFile; fileRef = OBJ_17 /* WPNLogger.swift */; };
		OBJ_45 /* WPNNetworkingService.swift in Sources */ = {isa = PBXBuildFile; fileRef = OBJ_18 /* WPNNetworkingService.swift */; };
		OBJ_46 /* WPNSSLValidationStrategy.swift in Sources */ = {isa = PBXBuildFile; fileRef = OBJ_19 /* WPNSSLValidationStrategy.swift */; };
/* End PBXBuildFile section */

/* Begin PBXFileReference section */
		OBJ_10 /* WPNAsyncOperation.swift */ = {isa = PBXFileReference; lastKnownFileType = sourcecode.swift; path = WPNAsyncOperation.swift; sourceTree = "<group>"; };
		OBJ_11 /* WPNBaseNetworkingObjects.swift */ = {isa = PBXFileReference; lastKnownFileType = sourcecode.swift; path = WPNBaseNetworkingObjects.swift; sourceTree = "<group>"; };
		OBJ_12 /* WPNConfig.swift */ = {isa = PBXFileReference; lastKnownFileType = sourcecode.swift; path = WPNConfig.swift; sourceTree = "<group>"; };
		OBJ_13 /* WPNEndpoint.swift */ = {isa = PBXFileReference; lastKnownFileType = sourcecode.swift; path = WPNEndpoint.swift; sourceTree = "<group>"; };
		OBJ_14 /* WPNError.swift */ = {isa = PBXFileReference; lastKnownFileType = sourcecode.swift; path = WPNError.swift; sourceTree = "<group>"; };
		OBJ_15 /* WPNHttpClient.swift */ = {isa = PBXFileReference; lastKnownFileType = sourcecode.swift; path = WPNHttpClient.swift; sourceTree = "<group>"; };
		OBJ_16 /* WPNHttpRequest.swift */ = {isa = PBXFileReference; lastKnownFileType = sourcecode.swift; path = WPNHttpRequest.swift; sourceTree = "<group>"; };
		OBJ_17 /* WPNLogger.swift */ = {isa = PBXFileReference; lastKnownFileType = sourcecode.swift; path = WPNLogger.swift; sourceTree = "<group>"; };
		OBJ_18 /* WPNNetworkingService.swift */ = {isa = PBXFileReference; lastKnownFileType = sourcecode.swift; path = WPNNetworkingService.swift; sourceTree = "<group>"; };
		OBJ_19 /* WPNSSLValidationStrategy.swift */ = {isa = PBXFileReference; lastKnownFileType = sourcecode.swift; path = WPNSSLValidationStrategy.swift; sourceTree = "<group>"; };
		OBJ_24 /* Deploy */ = {isa = PBXFileReference; lastKnownFileType = folder; path = Deploy; sourceTree = SOURCE_ROOT; };
		OBJ_25 /* Carthage */ = {isa = PBXFileReference; lastKnownFileType = folder; path = Carthage; sourceTree = SOURCE_ROOT; };
		OBJ_26 /* scripts */ = {isa = PBXFileReference; lastKnownFileType = folder; path = scripts; sourceTree = SOURCE_ROOT; };
		OBJ_27 /* Cartfile.resolved */ = {isa = PBXFileReference; lastKnownFileType = text; path = Cartfile.resolved; sourceTree = "<group>"; };
		OBJ_28 /* LICENSE */ = {isa = PBXFileReference; lastKnownFileType = text; path = LICENSE; sourceTree = "<group>"; };
		OBJ_29 /* Cartfile */ = {isa = PBXFileReference; lastKnownFileType = text; path = Cartfile; sourceTree = "<group>"; };
		OBJ_30 /* WultraPowerAuthNetworking.podspec */ = {isa = PBXFileReference; lastKnownFileType = text; path = WultraPowerAuthNetworking.podspec; sourceTree = "<group>"; };
		OBJ_31 /* README.md */ = {isa = PBXFileReference; lastKnownFileType = net.daringfireball.markdown; path = README.md; sourceTree = "<group>"; };
		OBJ_6 /* Package.swift */ = {isa = PBXFileReference; explicitFileType = sourcecode.swift; path = Package.swift; sourceTree = "<group>"; };
		OBJ_9 /* WultraPowerAuthNetworking.h */ = {isa = PBXFileReference; lastKnownFileType = sourcecode.c.h; path = WultraPowerAuthNetworking.h; sourceTree = "<group>"; };
		"WultraPowerAuthNetworking::WultraPowerAuthNetworking::Product" /* WultraPowerAuthNetworking.framework */ = {isa = PBXFileReference; explicitFileType = wrapper.framework; path = WultraPowerAuthNetworking.framework; sourceTree = BUILT_PRODUCTS_DIR; };
/* End PBXFileReference section */

/* Begin PBXFrameworksBuildPhase section */
		OBJ_47 /* Frameworks */ = {
			isa = PBXFrameworksBuildPhase;
			buildActionMask = 0;
			files = (
				BFCF34E2272AE17F00AACA07 /* PowerAuth2 in Frameworks */,
				BFCF34E4272AE17F00AACA07 /* PowerAuthCore in Frameworks */,
			);
			runOnlyForDeploymentPostprocessing = 0;
		};
/* End PBXFrameworksBuildPhase section */

/* Begin PBXGroup section */
		OBJ_20 /* Tests */ = {
			isa = PBXGroup;
			children = (
			);
			name = Tests;
			sourceTree = SOURCE_ROOT;
		};
		OBJ_21 /* Dependencies */ = {
			isa = PBXGroup;
			children = (
			);
			name = Dependencies;
			sourceTree = "<group>";
		};
		OBJ_22 /* Products */ = {
			isa = PBXGroup;
			children = (
				"WultraPowerAuthNetworking::WultraPowerAuthNetworking::Product" /* WultraPowerAuthNetworking.framework */,
			);
			name = Products;
			sourceTree = BUILT_PRODUCTS_DIR;
		};
		OBJ_5 /*  */ = {
			isa = PBXGroup;
			children = (
				OBJ_6 /* Package.swift */,
				OBJ_7 /* Sources */,
				OBJ_20 /* Tests */,
				OBJ_21 /* Dependencies */,
				OBJ_22 /* Products */,
				OBJ_24 /* Deploy */,
				OBJ_25 /* Carthage */,
				OBJ_26 /* scripts */,
				OBJ_27 /* Cartfile.resolved */,
				OBJ_28 /* LICENSE */,
				OBJ_29 /* Cartfile */,
				OBJ_30 /* WultraPowerAuthNetworking.podspec */,
				OBJ_31 /* README.md */,
			);
			name = "";
			sourceTree = "<group>";
		};
		OBJ_7 /* Sources */ = {
			isa = PBXGroup;
			children = (
				OBJ_8 /* WultraPowerAuthNetworking */,
			);
			name = Sources;
			sourceTree = SOURCE_ROOT;
		};
		OBJ_8 /* WultraPowerAuthNetworking */ = {
			isa = PBXGroup;
			children = (
				OBJ_9 /* WultraPowerAuthNetworking.h */,
				OBJ_10 /* WPNAsyncOperation.swift */,
				OBJ_11 /* WPNBaseNetworkingObjects.swift */,
				OBJ_12 /* WPNConfig.swift */,
				OBJ_13 /* WPNEndpoint.swift */,
				OBJ_14 /* WPNError.swift */,
				OBJ_15 /* WPNHttpClient.swift */,
				OBJ_16 /* WPNHttpRequest.swift */,
				OBJ_17 /* WPNLogger.swift */,
				OBJ_18 /* WPNNetworkingService.swift */,
				OBJ_19 /* WPNSSLValidationStrategy.swift */,
			);
			name = WultraPowerAuthNetworking;
			path = Sources/WultraPowerAuthNetworking;
			sourceTree = SOURCE_ROOT;
		};
/* End PBXGroup section */

/* Begin PBXNativeTarget section */
		"WultraPowerAuthNetworking::WultraPowerAuthNetworking" /* WultraPowerAuthNetworking */ = {
			isa = PBXNativeTarget;
			buildConfigurationList = OBJ_33 /* Build configuration list for PBXNativeTarget "WultraPowerAuthNetworking" */;
			buildPhases = (
				OBJ_36 /* Sources */,
				OBJ_47 /* Frameworks */,
			);
			buildRules = (
			);
			dependencies = (
			);
			name = WultraPowerAuthNetworking;
			packageProductDependencies = (
				BFCF34E1272AE17F00AACA07 /* PowerAuth2 */,
				BFCF34E3272AE17F00AACA07 /* PowerAuthCore */,
			);
			productName = WultraPowerAuthNetworking;
			productReference = "WultraPowerAuthNetworking::WultraPowerAuthNetworking::Product" /* WultraPowerAuthNetworking.framework */;
			productType = "com.apple.product-type.framework";
		};
/* End PBXNativeTarget section */

/* Begin PBXProject section */
		OBJ_1 /* Project object */ = {
			isa = PBXProject;
			attributes = {
				LastSwiftMigration = 1300;
				LastUpgradeCheck = 1300;
			};
			buildConfigurationList = OBJ_2 /* Build configuration list for PBXProject "WultraPowerAuthNetworking" */;
			compatibilityVersion = "Xcode 3.2";
			developmentRegion = en;
			hasScannedForEncodings = 0;
			knownRegions = (
				en,
			);
			mainGroup = OBJ_5 /*  */;
			packageReferences = (
				BFCF34E0272AE17F00AACA07 /* XCRemoteSwiftPackageReference "powerauth-mobile-sdk-spm" */,
			);
			productRefGroup = OBJ_22 /* Products */;
			projectDirPath = "";
			projectRoot = "";
			targets = (
				"WultraPowerAuthNetworking::WultraPowerAuthNetworking" /* WultraPowerAuthNetworking */,
			);
		};
/* End PBXProject section */

/* Begin PBXSourcesBuildPhase section */
		OBJ_36 /* Sources */ = {
			isa = PBXSourcesBuildPhase;
			buildActionMask = 0;
			files = (
				OBJ_37 /* WPNAsyncOperation.swift in Sources */,
				OBJ_38 /* WPNBaseNetworkingObjects.swift in Sources */,
				OBJ_39 /* WPNConfig.swift in Sources */,
				OBJ_40 /* WPNEndpoint.swift in Sources */,
				OBJ_41 /* WPNError.swift in Sources */,
				OBJ_42 /* WPNHttpClient.swift in Sources */,
				OBJ_43 /* WPNHttpRequest.swift in Sources */,
				OBJ_44 /* WPNLogger.swift in Sources */,
				OBJ_45 /* WPNNetworkingService.swift in Sources */,
				OBJ_46 /* WPNSSLValidationStrategy.swift in Sources */,
			);
			runOnlyForDeploymentPostprocessing = 0;
		};
/* End PBXSourcesBuildPhase section */

/* Begin XCBuildConfiguration section */
		OBJ_3 /* Debug */ = {
			isa = XCBuildConfiguration;
			buildSettings = {
				BUILD_LIBRARY_FOR_DISTRIBUTION = YES;
				CLANG_ENABLE_OBJC_ARC = YES;
				COMBINE_HIDPI_IMAGES = YES;
				COPY_PHASE_STRIP = NO;
				DEBUG_INFORMATION_FORMAT = dwarf;
				DYLIB_INSTALL_NAME_BASE = "@rpath";
				ENABLE_NS_ASSERTIONS = YES;
				GCC_OPTIMIZATION_LEVEL = 0;
				GCC_PREPROCESSOR_DEFINITIONS = (
					"$(inherited)",
					"SWIFT_PACKAGE=1",
					"DEBUG=1",
				);
				IPHONEOS_DEPLOYMENT_TARGET = 10.0;
				MACOSX_DEPLOYMENT_TARGET = 10.15;
				ONLY_ACTIVE_ARCH = YES;
				OTHER_SWIFT_FLAGS = "$(inherited) -DXcode";
				PRODUCT_NAME = "$(TARGET_NAME)";
				SUPPORTED_PLATFORMS = "iphonesimulator iphoneos appletvos appletvsimulator";
				SUPPORTS_MACCATALYST = YES;
				SWIFT_ACTIVE_COMPILATION_CONDITIONS = "$(inherited) SWIFT_PACKAGE DEBUG";
				SWIFT_OPTIMIZATION_LEVEL = "-Onone";
				TVOS_DEPLOYMENT_TARGET = 10.0;
				USE_HEADERMAP = NO;
				WATCHOS_DEPLOYMENT_TARGET = 2.0;
			};
			name = Debug;
		};
		OBJ_34 /* Debug */ = {
			isa = XCBuildConfiguration;
			buildSettings = {
				CURRENT_PROJECT_VERSION = 1;
				ENABLE_TESTABILITY = YES;
				FRAMEWORK_SEARCH_PATHS = (
					"$(inherited)",
					"$(PLATFORM_DIR)/Developer/Library/Frameworks",
				);
				HEADER_SEARCH_PATHS = "$(inherited)";
				INFOPLIST_FILE = WultraPowerAuthNetworking.xcodeproj/WultraPowerAuthNetworking_Info.plist;
				LD_RUNPATH_SEARCH_PATHS = (
					"$(inherited)",
					"$(TOOLCHAIN_DIR)/usr/lib/swift/macosx",
				);
				OTHER_CFLAGS = "$(inherited)";
				OTHER_LDFLAGS = "$(inherited)";
				OTHER_SWIFT_FLAGS = "$(inherited)";
				PRODUCT_BUNDLE_IDENTIFIER = WultraPowerAuthNetworking;
				PRODUCT_MODULE_NAME = "$(TARGET_NAME:c99extidentifier)";
				PRODUCT_NAME = "$(TARGET_NAME:c99extidentifier)";
				SKIP_INSTALL = YES;
				SWIFT_ACTIVE_COMPILATION_CONDITIONS = "$(inherited)";
				SWIFT_VERSION = 5.0;
				TARGET_NAME = WultraPowerAuthNetworking;
			};
			name = Debug;
		};
		OBJ_35 /* Release */ = {
			isa = XCBuildConfiguration;
			buildSettings = {
				CURRENT_PROJECT_VERSION = 1;
				ENABLE_TESTABILITY = YES;
				FRAMEWORK_SEARCH_PATHS = (
					"$(inherited)",
					"$(PLATFORM_DIR)/Developer/Library/Frameworks",
				);
				HEADER_SEARCH_PATHS = "$(inherited)";
				INFOPLIST_FILE = WultraPowerAuthNetworking.xcodeproj/WultraPowerAuthNetworking_Info.plist;
				LD_RUNPATH_SEARCH_PATHS = (
					"$(inherited)",
					"$(TOOLCHAIN_DIR)/usr/lib/swift/macosx",
				);
				OTHER_CFLAGS = "$(inherited)";
				OTHER_LDFLAGS = "$(inherited)";
				OTHER_SWIFT_FLAGS = "$(inherited)";
				PRODUCT_BUNDLE_IDENTIFIER = WultraPowerAuthNetworking;
				PRODUCT_MODULE_NAME = "$(TARGET_NAME:c99extidentifier)";
				PRODUCT_NAME = "$(TARGET_NAME:c99extidentifier)";
				SKIP_INSTALL = YES;
				SWIFT_ACTIVE_COMPILATION_CONDITIONS = "$(inherited)";
				SWIFT_VERSION = 5.0;
				TARGET_NAME = WultraPowerAuthNetworking;
			};
			name = Release;
		};
		OBJ_4 /* Release */ = {
			isa = XCBuildConfiguration;
			buildSettings = {
				BUILD_LIBRARY_FOR_DISTRIBUTION = YES;
				CLANG_ENABLE_OBJC_ARC = YES;
				COMBINE_HIDPI_IMAGES = YES;
				COPY_PHASE_STRIP = YES;
				DEBUG_INFORMATION_FORMAT = "dwarf-with-dsym";
				DYLIB_INSTALL_NAME_BASE = "@rpath";
				GCC_OPTIMIZATION_LEVEL = s;
				GCC_PREPROCESSOR_DEFINITIONS = (
					"$(inherited)",
					"SWIFT_PACKAGE=1",
				);
				IPHONEOS_DEPLOYMENT_TARGET = 10.0;
				MACOSX_DEPLOYMENT_TARGET = 10.15;
				OTHER_SWIFT_FLAGS = "$(inherited) -DXcode";
				PRODUCT_NAME = "$(TARGET_NAME)";
				SUPPORTED_PLATFORMS = "iphonesimulator iphoneos appletvos appletvsimulator";
				SUPPORTS_MACCATALYST = YES;
				SWIFT_ACTIVE_COMPILATION_CONDITIONS = "$(inherited) SWIFT_PACKAGE";
				SWIFT_COMPILATION_MODE = wholemodule;
				SWIFT_OPTIMIZATION_LEVEL = "-O";
				TVOS_DEPLOYMENT_TARGET = 10.0;
				USE_HEADERMAP = NO;
				WATCHOS_DEPLOYMENT_TARGET = 2.0;
			};
			name = Release;
		};
/* End XCBuildConfiguration section */

/* Begin XCConfigurationList section */
		OBJ_2 /* Build configuration list for PBXProject "WultraPowerAuthNetworking" */ = {
			isa = XCConfigurationList;
			buildConfigurations = (
				OBJ_3 /* Debug */,
				OBJ_4 /* Release */,
			);
			defaultConfigurationIsVisible = 0;
			defaultConfigurationName = Release;
		};
		OBJ_33 /* Build configuration list for PBXNativeTarget "WultraPowerAuthNetworking" */ = {
			isa = XCConfigurationList;
			buildConfigurations = (
				OBJ_34 /* Debug */,
				OBJ_35 /* Release */,
			);
			defaultConfigurationIsVisible = 0;
			defaultConfigurationName = Release;
		};
/* End XCConfigurationList section */

/* Begin XCRemoteSwiftPackageReference section */
		BFCF34E0272AE17F00AACA07 /* XCRemoteSwiftPackageReference "powerauth-mobile-sdk-spm" */ = {
			isa = XCRemoteSwiftPackageReference;
			repositoryURL = "https://github.com/wultra/powerauth-mobile-sdk-spm.git";
			requirement = {
				branch = develop;
				kind = branch;
			};
		};
/* End XCRemoteSwiftPackageReference section */

/* Begin XCSwiftPackageProductDependency section */
		BFCF34E1272AE17F00AACA07 /* PowerAuth2 */ = {
			isa = XCSwiftPackageProductDependency;
			package = BFCF34E0272AE17F00AACA07 /* XCRemoteSwiftPackageReference "powerauth-mobile-sdk-spm" */;
			productName = PowerAuth2;
		};
		BFCF34E3272AE17F00AACA07 /* PowerAuthCore */ = {
			isa = XCSwiftPackageProductDependency;
			package = BFCF34E0272AE17F00AACA07 /* XCRemoteSwiftPackageReference "powerauth-mobile-sdk-spm" */;
			productName = PowerAuthCore;
		};
/* End XCSwiftPackageProductDependency section */
	};
	rootObject = OBJ_1 /* Project object */;
}
